PODS:
  - JKDateHelper (0.1.1)
  - JKLogHelper (0.1.0):
    - JKDateHelper
    - JKSandBoxManager
  - JKSandBoxManager (0.1.6.4)
  - Kiwi (3.0.0)

DEPENDENCIES:
  - JKLogHelper (from `../`)
  - Kiwi

SPEC REPOS:
  https://github.com/cocoapods/specs.git:
    - JKDateHelper
    - JKSandBoxManager
    - Kiwi

EXTERNAL SOURCES:
  JKLogHelper:
    :path: "../"

SPEC CHECKSUMS:
  JKDateHelper: 174b1cbe7d4959bc3dd8a3abbd0b2ac34e062ee5
  JKLogHelper: 2fccf378f5c9a6159d43f79951661f726fdc8ed3
  JKSandBoxManager: 82c9f56f87f0093dd010348748e11bbe88384794
  Kiwi: fbeafef0f00e4d8f7dcb3420a4930afe70af77f7

PODFILE CHECKSUM: 94bd397700106f2fb19517a3eca995e1e6b77aa0

COCOAPODS: 1.7.4
